
Microsoft Visual Studio Solution File, Format Version 12.00
# Visual Studio Version 17
VisualStudioVersion = 17.0.31903.59
MinimumVisualStudioVersion = 10.0.40219.1
Project("{2150E333-8FDC-42A3-9474-1A3956D46DE8}") = "src", "src", "{F01B3D49-B90C-41C1-A61C-D5A68EF4B7EB}"
EndProject
Project("{2150E333-8FDC-42A3-9474-1A3956D46DE8}") = "Core", "Core", "{FE3F1D9D-C3F8-4C64-918D-1526B745D73C}"
EndProject
Project("{FAE04EC0-301F-11D3-BF4B-00C04F79EFBC}") = "EduShield.Core", "src\Core\EduShield.Core\EduShield.Core.csproj", "{59B72791-6058-436C-ADF3-F034052EBD56}"
EndProject
Project("{2150E333-8FDC-42A3-9474-1A3956D46DE8}") = "Api", "Api", "{6E6572ED-2200-423D-BBEC-F6518B95670D}"
EndProject
Project("{FAE04EC0-301F-11D3-BF4B-00C04F79EFBC}") = "EduShield.Api", "src\Api\EduShield.Api\EduShield.Api.csproj", "{DD8A3AE6-9248-486D-B823-AF6EF288A437}"
EndProject
Project("{2150E333-8FDC-42A3-9474-1A3956D46DE8}") = "tests", "tests", "{EA68F6E4-B06E-4CA5-8BE7-AE787BBC8FDF}"
EndProject
Project("{FAE04EC0-301F-11D3-BF4B-00C04F79EFBC}") = "EduShield.Api.Tests", "tests\Api\EduShield.Api.Tests\EduShield.Api.Tests.csproj", "{EA3CD9AE-6EC5-4DBF-8A8C-08315B394E6D}"
EndProject

Global
	GlobalSection(SolutionConfigurationPlatforms) = preSolution
		Debug|Any CPU = Debug|Any CPU
		Release|Any CPU = Release|Any CPU
	EndGlobalSection
	GlobalSection(SolutionProperties) = preSolution
		HideSolutionNode = FALSE
	EndGlobalSection
	GlobalSection(ProjectConfigurationPlatforms) = postSolution
		{59B72791-6058-436C-ADF3-F034052EBD56}.Debug|Any CPU.ActiveCfg = Debug|Any CPU
		{59B72791-6058-436C-ADF3-F034052EBD56}.Debug|Any CPU.Build.0 = Debug|Any CPU
		{59B72791-6058-436C-ADF3-F034052EBD56}.Release|Any CPU.ActiveCfg = Release|Any CPU
		{59B72791-6058-436C-ADF3-F034052EBD56}.Release|Any CPU.Build.0 = Release|Any CPU
		{DD8A3AE6-9248-486D-B823-AF6EF288A437}.Debug|Any CPU.ActiveCfg = Debug|Any CPU
		{DD8A3AE6-9248-486D-B823-AF6EF288A437}.Debug|Any CPU.Build.0 = Debug|Any CPU
		{DD8A3AE6-9248-486D-B823-AF6EF288A437}.Release|Any CPU.ActiveCfg = Release|Any CPU
		{DD8A3AE6-9248-486D-B823-AF6EF288A437}.Release|Any CPU.Build.0 = Release|Any CPU
		{EA3CD9AE-6EC5-4DBF-8A8C-08315B394E6D}.Debug|Any CPU.ActiveCfg = Debug|Any CPU
		{EA3CD9AE-6EC5-4DBF-8A8C-08315B394E6D}.Debug|Any CPU.Build.0 = Debug|Any CPU
		{EA3CD9AE-6EC5-4DBF-8A8C-08315B394E6D}.Release|Any CPU.ActiveCfg = Release|Any CPU
		{EA3CD9AE-6EC5-4DBF-8A8C-08315B394E6D}.Release|Any CPU.Build.0 = Release|Any CPU

	EndGlobalSection
	GlobalSection(NestedProjects) = preSolution
		{FE3F1D9D-C3F8-4C64-918D-1526B745D73C} = {F01B3D49-B90C-41C1-A61C-D5A68EF4B7EB}
		{59B72791-6058-436C-ADF3-F034052EBD56} = {FE3F1D9D-C3F8-4C64-918D-1526B745D73C}
		{6E6572ED-2200-423D-BBEC-F6518B95670D} = {F01B3D49-B90C-41C1-A61C-D5A68EF4B7EB}
		{DD8A3AE6-9248-486D-B823-AF6EF288A437} = {6E6572ED-2200-423D-BBEC-F6518B95670D}
		{EA3CD9AE-6EC5-4DBF-8A8C-08315B394E6D} = {EA68F6E4-B06E-4CA5-8BE7-AE787BBC8FDF}

	EndGlobalSection
EndGlobal
